
Microsoft Visual Studio Solution File, Format Version 12.00
# Visual Studio Version 17
VisualStudioVersion = 17.4.33110.190
MinimumVisualStudioVersion = 10.0.40219.1
Project("{FAE04EC0-301F-11D3-BF4B-00C04F79EFBC}") = "ViewsExample", "ViewsExample\ViewsExample.csproj", "{D80FB8CB-C53D-456C-8D0A-61F114A29461}"
EndProject
Global
	GlobalSection(SolutionConfigurationPlatforms) = preSolution
		Debug|Any CPU = Debug|Any CPU
		Release|Any CPU = Release|Any CPU
	EndGlobalSection
	GlobalSection(ProjectConfigurationPlatforms) = postSolution
		{D80FB8CB-C53D-456C-8D0A-61F114A29461}.Debug|Any CPU.ActiveCfg = Debug|Any CPU
		{D80FB8CB-C53D-456C-8D0A-61F114A29461}.Debug|Any CPU.Build.0 = Debug|Any CPU
		{D80FB8CB-C53D-456C-8D0A-61F114A29461}.Release|Any CPU.ActiveCfg = Release|Any CPU
		{D80FB8CB-C53D-456C-8D0A-61F114A29461}.Release|Any CPU.Build.0 = Release|Any CPU
	EndGlobalSection
	GlobalSection(SolutionProperties) = preSolution
		HideSolutionNode = FALSE
	EndGlobalSection
	GlobalSection(ExtensibilityGlobals) = postSolution
		SolutionGuid = {F913A163-CCD9-41AD-BCA1-01445C792EDE}
	EndGlobalSection
EndGlobal
